dependencies:
- name: kubefed
  repository: https://raw.githubusercontent.com/kubernetes-sigs/kubefed/master/charts
  version: 0.1.0-rc6
- name: kommander-cluster-lifecycle
  repository: https://mesosphere.github.io/kommander-cluster-lifecycle/charts
  version: 0.1.5
- name: thanos
  repository: https://kubernetes-charts.banzaicloud.com
  version: 0.3.5
- name: grafana
  repository: https://kubernetes-charts.storage.googleapis.com
  version: 3.8.19
- name: karma
  repository: https://kubernetes-charts.storage.googleapis.com
  version: 1.1.18
digest: sha256:f555d941492221e84f9a58052fb2bf12699ea529ad4da5e457dd6808509ac384
generated: 2019-10-10T14:05:11.226806-04:00
